// !$*UTF8*$!
{
	archiveVersion = 1;
	classes = {
	};
	objectVersion = 56;
	objects = {

/* Begin PBXBuildFile section */
		9392A88B300A797D00343152 /* GameLauncherApp.swift in Sources */ = {isa = PBXBuildFile; fileRef = 9392A88A300A797D00343152 /* GameLauncherApp.swift */; };
		9392A88D300A797D00343152 /* ContentView.swift in Sources */ = {isa = PBXBuildFile; fileRef = 9392A88C300A797D00343152 /* ContentView.swift */; };
		9392A88F300A798A00343152 /* Assets.xcassets in Resources */ = {isa = PBXBuildFile; fileRef = 9392A88E300A798A00343152 /* Assets.xcassets */; };
		9392A892300A798A00343152 /* Preview Assets.xcassets in Resources */ = {isa = PBXBuildFile; fileRef = 9392A891300A798A00343152 /* Preview Assets.xcassets */; };
		9392A89C300A798B00343152 /* GameLauncherTests.swift in Sources */ = {isa = PBXBuildFile; fileRef = 9392A89B300A798B00343152 /* GameLauncherTests.swift */; };
		9392A8A6300A798B00343152 /* GameLauncherUITests.swift in Sources */ = {isa = PBXBuildFile; fileRef = 9392A8A5300A798B00343152 /* GameLauncherUITests.swift */; };
		9392A8A8300A798B00343152 /* GameLauncherUITestsLaunchTests.swift in Sources */ = {isa = PBXBuildFile; fileRef = 9392A8A7300A798B00343152 /* GameLauncherUITestsLaunchTests.swift */; };
		939763BC300AC2FE00D22302 /* TapFrenzyView.swift in Sources */ = {isa = PBXBuildFile; fileRef = 939763BB300AC2FE00D22302 /* TapFrenzyView.swift */; };
		939763C1300AC58200D22302 /* Game.swift in Sources */ = {isa = PBXBuildFile; fileRef = 939763C0300AC58200D22302 /* Game.swift */; };
		939763C4300AC5C700D22302 /* PrimaryButton.swift in Sources */ = {isa = PBXBuildFile; fileRef = 939763C3300AC5C700D22302 /* PrimaryButton.swift */; };
		939763C6300AC5D900D22302 /* GameIcon.swift in Sources */ = {isa = PBXBuildFile; fileRef = 939763C5300AC5D900D22302 /* GameIcon.swift */; };
		939763C8300AC5EA00D22302 /* ScoreView.swift in Sources */ = {isa = PBXBuildFile; fileRef = 939763C7300AC5EA00D22302 /* ScoreView.swift */; };
		939763CB300AC60F00D22302 /* HomeView.swift in Sources */ = {isa = PBXBuildFile; fileRef = 939763CA300AC60F00D22302 /* HomeView.swift */; };
		939763CD300AC62000D22302 /* GameCard.swift in Sources */ = {isa = PBXBuildFile; fileRef = 939763CC300AC62000D22302 /* GameCard.swift */; };
		939763D2300AD68200D22302 /* LightItUpView.swift in Sources */ = {isa = PBXBuildFile; fileRef = 939763D1300AD68200D22302 /* LightItUpView.swift */; };
		939763D6300AF3B800D22302 /* QuizRushView.swift in Sources */ = {isa = PBXBuildFile; fileRef = 939763D5300AF3B800D22302 /* QuizRushView.swift */; };
		939763D8300AF77900D22302 /* TriviaQuestion.swift in Sources */ = {isa = PBXBuildFile; fileRef = 939763D7300AF77900D22302 /* TriviaQuestion.swift */; };
/* End PBXBuildFile section */

/* Begin PBXContainerItemProxy section */
		9392A898300A798B00343152 /* PBXContainerItemProxy */ = {
			isa = PBXContainerItemProxy;
			containerPortal = 9392A87F300A797D00343152 /* Project object */;
			proxyType = 1;
			remoteGlobalIDString = 9392A886300A797D00343152;
			remoteInfo = Tapfrenzy;
		};
		9392A8A2300A798B00343152 /* PBXContainerItemProxy */ = {
			isa = PBXContainerItemProxy;
			containerPortal = 9392A87F300A797D00343152 /* Project object */;
			proxyType = 1;
			remoteGlobalIDString = 9392A886300A797D00343152;
			remoteInfo = Tapfrenzy;
		};
/* End PBXContainerItemProxy section */

/* Begin PBXFileReference section */
		9392A887300A797D00343152 /* GameLauncher.app */ = {isa = PBXFileReference; explicitFileType = wrapper.application; includeInIndex = 0; path = GameLauncher.app; sourceTree = BUILT_PRODUCTS_DIR; };
		9392A88A300A797D00343152 /* GameLauncherApp.swift */ = {isa = PBXFileReference; lastKnownFileType = sourcecode.swift; path = GameLauncherApp.swift; sourceTree = "<group>"; };
		9392A88C300A797D00343152 /* ContentView.swift */ = {isa = PBXFileReference; lastKnownFileType = sourcecode.swift; path = ContentView.swift; sourceTree = "<group>"; };
		9392A88E300A798A00343152 /* Assets.xcassets */ = {isa = PBXFileReference; lastKnownFileType = folder.assetcatalog; path = Assets.xcassets; sourceTree = "<group>"; };
		9392A891300A798A00343152 /* Preview Assets.xcassets */ = {isa = PBXFileReference; lastKnownFileType = folder.assetcatalog; path = "Preview Assets.xcassets"; sourceTree = "<group>"; };
		9392A897300A798B00343152 /* GameLauncherTests.xctest */ = {isa = PBXFileReference; explicitFileType = wrapper.cfbundle; includeInIndex = 0; path = GameLauncherTests.xctest; sourceTree = BUILT_PRODUCTS_DIR; };
		9392A89B300A798B00343152 /* GameLauncherTests.swift */ = {isa = PBXFileReference; lastKnownFileType = sourcecode.swift; path = GameLauncherTests.swift; sourceTree = "<group>"; };
		9392A8A1300A798B00343152 /* GameLauncherUITests.xctest */ = {isa = PBXFileReference; explicitFileType = wrapper.cfbundle; includeInIndex = 0; path = GameLauncherUITests.xctest; sourceTree = BUILT_PRODUCTS_DIR; };
		9392A8A5300A798B00343152 /* GameLauncherUITests.swift */ = {isa = PBXFileReference; lastKnownFileType = sourcecode.swift; path = GameLauncherUITests.swift; sourceTree = "<group>"; };
		9392A8A7300A798B00343152 /* GameLauncherUITestsLaunchTests.swift */ = {isa = PBXFileReference; lastKnownFileType = sourcecode.swift; path = GameLauncherUITestsLaunchTests.swift; sourceTree = "<group>"; };
		939763BB300AC2FE00D22302 /* TapFrenzyView.swift */ = {isa = PBXFileReference; lastKnownFileType = sourcecode.swift; path = TapFrenzyView.swift; sourceTree = "<group>"; };
		939763C0300AC58200D22302 /* Game.swift */ = {isa = PBXFileReference; lastKnownFileType = sourcecode.swift; path = Game.swift; sourceTree = "<group>"; };
		939763C3300AC5C700D22302 /* PrimaryButton.swift */ = {isa = PBXFileReference; lastKnownFileType = sourcecode.swift; path = PrimaryButton.swift; sourceTree = "<group>"; };
		939763C5300AC5D900D22302 /* GameIcon.swift */ = {isa = PBXFileReference; lastKnownFileType = sourcecode.swift; path = GameIcon.swift; sourceTree = "<group>"; };
		939763C7300AC5EA00D22302 /* ScoreView.swift */ = {isa = PBXFileReference; lastKnownFileType = sourcecode.swift; path = ScoreView.swift; sourceTree = "<group>"; };
		939763CA300AC60F00D22302 /* HomeView.swift */ = {isa = PBXFileReference; lastKnownFileType = sourcecode.swift; path = HomeView.swift; sourceTree = "<group>"; };
		939763CC300AC62000D22302 /* GameCard.swift */ = {isa = PBXFileReference; lastKnownFileType = sourcecode.swift; path = GameCard.swift; sourceTree = "<group>"; };
		939763D1300AD68200D22302 /* LightItUpView.swift */ = {isa = PBXFileReference; lastKnownFileType = sourcecode.swift; path = LightItUpView.swift; sourceTree = "<group>"; };
		939763D5300AF3B800D22302 /* QuizRushView.swift */ = {isa = PBXFileReference; lastKnownFileType = sourcecode.swift; path = QuizRushView.swift; sourceTree = "<group>"; };
		939763D7300AF77900D22302 /* TriviaQuestion.swift */ = {isa = PBXFileReference; lastKnownFileType = sourcecode.swift; path = TriviaQuestion.swift; sourceTree = "<group>"; };
/* End PBXFileReference section */

/* Begin PBXFrameworksBuildPhase section */
		9392A884300A797D00343152 /* Frameworks */ = {
			isa = PBXFrameworksBuildPhase;
			buildActionMask = 2147483647;
			files = (
			);
			runOnlyForDeploymentPostprocessing = 0;
		};
		9392A894300A798B00343152 /* Frameworks */ = {
			isa = PBXFrameworksBuildPhase;
			buildActionMask = 2147483647;
			files = (
			);
			runOnlyForDeploymentPostprocessing = 0;
		};
		9392A89E300A798B00343152 /* Frameworks */ = {
			isa = PBXFrameworksBuildPhase;
			buildActionMask = 2147483647;
			files = (
			);
			runOnlyForDeploymentPostprocessing = 0;
		};
/* End PBXFrameworksBuildPhase section */

/* Begin PBXGroup section */
		9392A87E300A797D00343152 = {
			isa = PBXGroup;
			children = (
				9392A889300A797D00343152 /* GameLauncher */,
				9392A89A300A798B00343152 /* GameLauncherTests */,
				9392A8A4300A798B00343152 /* GameLauncherUITests */,
				9392A888300A797D00343152 /* Products */,
			);
			sourceTree = "<group>";
		};
		9392A888300A797D00343152 /* Products */ = {
			isa = PBXGroup;
			children = (
				9392A887300A797D00343152 /* GameLauncher.app */,
				9392A897300A798B00343152 /* GameLauncherTests.xctest */,
				9392A8A1300A798B00343152 /* GameLauncherUITests.xctest */,
			);
			name = Products;
			sourceTree = "<group>";
		};
		9392A889300A797D00343152 /* GameLauncher */ = {
			isa = PBXGroup;
			children = (
				939763C2300AC5A700D22302 /* Components */,
				939763BF300AC56500D22302 /* Models */,
				939763BD300AC50700D22302 /* App */,
				939763B9300AC1F100D22302 /* Views */,
				9392A88E300A798A00343152 /* Assets.xcassets */,
				9392A890300A798A00343152 /* Preview Content */,
			);
			path = GameLauncher;
			sourceTree = "<group>";
		};
		9392A890300A798A00343152 /* Preview Content */ = {
			isa = PBXGroup;
			children = (
				9392A891300A798A00343152 /* Preview Assets.xcassets */,
			);
			path = "Preview Content";
			sourceTree = "<group>";
		};
		9392A89A300A798B00343152 /* GameLauncherTests */ = {
			isa = PBXGroup;
			children = (
				9392A89B300A798B00343152 /* GameLauncherTests.swift */,
			);
			path = GameLauncherTests;
			sourceTree = "<group>";
		};
		9392A8A4300A798B00343152 /* GameLauncherUITests */ = {
			isa = PBXGroup;
			children = (
				9392A8A5300A798B00343152 /* GameLauncherUITests.swift */,
				9392A8A7300A798B00343152 /* GameLauncherUITestsLaunchTests.swift */,
			);
			path = GameLauncherUITests;
			sourceTree = "<group>";
		};
		939763B9300AC1F100D22302 /* Views */ = {
			isa = PBXGroup;
			children = (
				939763D4300AF39900D22302 /* QuizRush */,
				939763CE300AD62900D22302 /* LightItUp */,
				939763C9300AC5FE00D22302 /* Home */,
				939763BA300AC2BB00D22302 /* TapFrenzy */,
			);
			path = Views;
			sourceTree = "<group>";
		};
		939763BA300AC2BB00D22302 /* TapFrenzy */ = {
			isa = PBXGroup;
			children = (
				939763BB300AC2FE00D22302 /* TapFrenzyView.swift */,
			);
			path = TapFrenzy;
			sourceTree = "<group>";
		};
		939763BD300AC50700D22302 /* App */ = {
			isa = PBXGroup;
			children = (
				9392A88A300A797D00343152 /* GameLauncherApp.swift */,
				9392A88C300A797D00343152 /* ContentView.swift */,
			);
			path = App;
			sourceTree = "<group>";
		};
		939763BF300AC56500D22302 /* Models */ = {
			isa = PBXGroup;
			children = (
				939763C0300AC58200D22302 /* Game.swift */,
			);
			path = Models;
			sourceTree = "<group>";
		};
		939763C2300AC5A700D22302 /* Components */ = {
			isa = PBXGroup;
			children = (
				939763C3300AC5C700D22302 /* PrimaryButton.swift */,
				939763C5300AC5D900D22302 /* GameIcon.swift */,
				939763C7300AC5EA00D22302 /* ScoreView.swift */,
			);
			path = Components;
			sourceTree = "<group>";
		};
		939763C9300AC5FE00D22302 /* Home */ = {
			isa = PBXGroup;
			children = (
				939763CA300AC60F00D22302 /* HomeView.swift */,
				939763CC300AC62000D22302 /* GameCard.swift */,
			);
			path = Home;
			sourceTree = "<group>";
		};
		939763CE300AD62900D22302 /* LightItUp */ = {
			isa = PBXGroup;
			children = (
				939763D1300AD68200D22302 /* LightItUpView.swift */,
			);
			path = LightItUp;
			sourceTree = "<group>";
		};
		939763D4300AF39900D22302 /* QuizRush */ = {
			isa = PBXGroup;
			children = (
				939763D5300AF3B800D22302 /* QuizRushView.swift */,
				939763D7300AF77900D22302 /* TriviaQuestion.swift */,
			);
			path = QuizRush;
			sourceTree = "<group>";
		};
/* End PBXGroup section */

/* Begin PBXNativeTarget section */
		9392A886300A797D00343152 /* GameLauncher */ = {
			isa = PBXNativeTarget;
			buildConfigurationList = 9392A8AB300A798B00343152 /* Build configuration list for PBXNativeTarget "GameLauncher" */;
			buildPhases = (
				9392A883300A797D00343152 /* Sources */,
				9392A884300A797D00343152 /* Frameworks */,
				9392A885300A797D00343152 /* Resources */,
			);
			buildRules = (
			);
			dependencies = (
			);
			name = GameLauncher;
			productName = Tapfrenzy;
			productReference = 9392A887300A797D00343152 /* GameLauncher.app */;
			productType = "com.apple.product-type.application";
		};
		9392A896300A798B00343152 /* GameLauncherTests */ = {
			isa = PBXNativeTarget;
			buildConfigurationList = 9392A8AE300A798B00343152 /* Build configuration list for PBXNativeTarget "GameLauncherTests" */;
			buildPhases = (
				9392A893300A798B00343152 /* Sources */,
				9392A894300A798B00343152 /* Frameworks */,
				9392A895300A798B00343152 /* Resources */,
			);
			buildRules = (
			);
			dependencies = (
				9392A899300A798B00343152 /* PBXTargetDependency */,
			);
			name = GameLauncherTests;
			productName = TapfrenzyTests;
			productReference = 9392A897300A798B00343152 /* GameLauncherTests.xctest */;
			productType = "com.apple.product-type.bundle.unit-test";
		};
		9392A8A0300A798B00343152 /* GameLauncherUITests */ = {
			isa = PBXNativeTarget;
			buildConfigurationList = 9392A8B1300A798B00343152 /* Build configuration list for PBXNativeTarget "GameLauncherUITests" */;
			buildPhases = (
				9392A89D300A798B00343152 /* Sources */,
				9392A89E300A798B00343152 /* Frameworks */,
				9392A89F300A798B00343152 /* Resources */,
			);
			buildRules = (
			);
			dependencies = (
				9392A8A3300A798B00343152 /* PBXTargetDependency */,
			);
			name = GameLauncherUITests;
			productName = TapfrenzyUITests;
			productReference = 9392A8A1300A798B00343152 /* GameLauncherUITests.xctest */;
			productType = "com.apple.product-type.bundle.ui-testing";
		};
/* End PBXNativeTarget section */

/* Begin PBXProject section */
		9392A87F300A797D00343152 /* Project object */ = {
			isa = PBXProject;
			attributes = {
				BuildIndependentTargetsInParallel = 1;
				LastSwiftUpdateCheck = 1520;
				LastUpgradeCheck = 1520;
				TargetAttributes = {
					9392A886300A797D00343152 = {
						CreatedOnToolsVersion = 15.2;
					};
					9392A896300A798B00343152 = {
						CreatedOnToolsVersion = 15.2;
						TestTargetID = 9392A886300A797D00343152;
					};
					9392A8A0300A798B00343152 = {
						CreatedOnToolsVersion = 15.2;
						TestTargetID = 9392A886300A797D00343152;
					};
				};
			};
			buildConfigurationList = 9392A882300A797D00343152 /* Build configuration list for PBXProject "GameLauncher" */;
			compatibilityVersion = "Xcode 14.0";
			developmentRegion = en;
			hasScannedForEncodings = 0;
			knownRegions = (
				en,
				Base,
			);
			mainGroup = 9392A87E300A797D00343152;
			productRefGroup = 9392A888300A797D00343152 /* Products */;
			projectDirPath = "";
			projectRoot = "";
			targets = (
				9392A886300A797D00343152 /* GameLauncher */,
				9392A896300A798B00343152 /* GameLauncherTests */,
				9392A8A0300A798B00343152 /* GameLauncherUITests */,
			);
		};
/* End PBXProject section */

/* Begin PBXResourcesBuildPhase section */
		9392A885300A797D00343152 /* Resources */ = {
			isa = PBXResourcesBuildPhase;
			buildActionMask = 2147483647;
			files = (
				9392A892300A798A00343152 /* Preview Assets.xcassets in Resources */,
				9392A88F300A798A00343152 /* Assets.xcassets in Resources */,
			);
			runOnlyForDeploymentPostprocessing = 0;
		};
		9392A895300A798B00343152 /* Resources */ = {
			isa = PBXResourcesBuildPhase;
			buildActionMask = 2147483647;
			files = (
			);
			runOnlyForDeploymentPostprocessing = 0;
		};
		9392A89F300A798B00343152 /* Resources */ = {
			isa = PBXResourcesBuildPhase;
			buildActionMask = 2147483647;
			files = (
			);
			runOnlyForDeploymentPostprocessing = 0;
		};
/* End PBXResourcesBuildPhase section */

/* Begin PBXSourcesBuildPhase section */
		9392A883300A797D00343152 /* Sources */ = {
			isa = PBXSourcesBuildPhase;
			buildActionMask = 2147483647;
			files = (
				9392A88D300A797D00343152 /* ContentView.swift in Sources */,
				939763CD300AC62000D22302 /* GameCard.swift in Sources */,
				939763BC300AC2FE00D22302 /* TapFrenzyView.swift in Sources */,
				939763D2300AD68200D22302 /* LightItUpView.swift in Sources */,
				939763C6300AC5D900D22302 /* GameIcon.swift in Sources */,
				939763C4300AC5C700D22302 /* PrimaryButton.swift in Sources */,
				939763C8300AC5EA00D22302 /* ScoreView.swift in Sources */,
				939763CB300AC60F00D22302 /* HomeView.swift in Sources */,
				939763D6300AF3B800D22302 /* QuizRushView.swift in Sources */,
				9392A88B300A797D00343152 /* GameLauncherApp.swift in Sources */,
				939763D8300AF77900D22302 /* TriviaQuestion.swift in Sources */,
				939763C1300AC58200D22302 /* Game.swift in Sources */,
			);
			runOnlyForDeploymentPostprocessing = 0;
		};
		9392A893300A798B00343152 /* Sources */ = {
			isa = PBXSourcesBuildPhase;
			buildActionMask = 2147483647;
			files = (
				9392A89C300A798B00343152 /* GameLauncherTests.swift in Sources */,
			);
			runOnlyForDeploymentPostprocessing = 0;
		};
		9392A89D300A798B00343152 /* Sources */ = {
			isa = PBXSourcesBuildPhase;
			buildActionMask = 2147483647;
			files = (
				9392A8A8300A798B00343152 /* GameLauncherUITestsLaunchTests.swift in Sources */,
				9392A8A6300A798B00343152 /* GameLauncherUITests.swift in Sources */,
			);
			runOnlyForDeploymentPostprocessing = 0;
		};
/* End PBXSourcesBuildPhase section */

/* Begin PBXTargetDependency section */
		9392A899300A798B00343152 /* PBXTargetDependency */ = {
			isa = PBXTargetDependency;
			target = 9392A886300A797D00343152 /* GameLauncher */;
			targetProxy = 9392A898300A798B00343152 /* PBXContainerItemProxy */;
		};
		9392A8A3300A798B00343152 /* PBXTargetDependency */ = {
			isa = PBXTargetDependency;
			target = 9392A886300A797D00343152 /* GameLauncher */;
			targetProxy = 9392A8A2300A798B00343152 /* PBXContainerItemProxy */;
		};
/* End PBXTargetDependency section */

/* Begin XCBuildConfiguration section */
		9392A8A9300A798B00343152 /* Debug */ = {
			isa = XCBuildConfiguration;
			buildSettings = {
				ALWAYS_SEARCH_USER_PATHS = NO;
				ASSETCATALOG_COMPILER_GENERATE_SWIFT_ASSET_SYMBOL_EXTENSIONS = YES;
				CLANG_ANALYZER_NONNULL = YES;
				CLANG_ANALYZER_NUMBER_OBJECT_CONVERSION = YES_AGGRESSIVE;
				CLANG_CXX_LANGUAGE_STANDARD = "gnu++20";
				CLANG_ENABLE_MODULES = YES;
				CLANG_ENABLE_OBJC_ARC = YES;
				CLANG_ENABLE_OBJC_WEAK = YES;
				CLANG_WARN_BLOCK_CAPTURE_AUTORELEASING = YES;
				CLANG_WARN_BOOL_CONVERSION = YES;
				CLANG_WARN_COMMA = YES;
				CLANG_WARN_CONSTANT_CONVERSION = YES;
				CLANG_WARN_DEPRECATED_OBJC_IMPLEMENTATIONS = YES;
				CLANG_WARN_DIRECT_OBJC_ISA_USAGE = YES_ERROR;
				CLANG_WARN_DOCUMENTATION_COMMENTS = YES;
				CLANG_WARN_EMPTY_BODY = YES;
				CLANG_WARN_ENUM_CONVERSION = YES;
				CLANG_WARN_INFINITE_RECURSION = YES;
				CLANG_WARN_INT_CONVERSION = YES;
				CLANG_WARN_NON_LITERAL_NULL_CONVERSION = YES;
				CLANG_WARN_OBJC_IMPLICIT_RETAIN_SELF = YES;
				CLANG_WARN_OBJC_LITERAL_CONVERSION = YES;
				CLANG_WARN_OBJC_ROOT_CLASS = YES_ERROR;
				CLANG_WARN_QUOTED_INCLUDE_IN_FRAMEWORK_HEADER = YES;
				CLANG_WARN_RANGE_LOOP_ANALYSIS = YES;
				CLANG_WARN_STRICT_PROTOTYPES = YES;
				CLANG_WARN_SUSPICIOUS_MOVE = YES;
				CLANG_WARN_UNGUARDED_AVAILABILITY = YES_AGGRESSIVE;
				CLANG_WARN_UNREACHABLE_CODE = YES;
				CLANG_WARN__DUPLICATE_METHOD_MATCH = YES;
				COPY_PHASE_STRIP = NO;
				DEBUG_INFORMATION_FORMAT = dwarf;
				ENABLE_STRICT_OBJC_MSGSEND = YES;
				ENABLE_TESTABILITY = YES;
				ENABLE_USER_SCRIPT_SANDBOXING = YES;
				GCC_C_LANGUAGE_STANDARD = gnu17;
				GCC_DYNAMIC_NO_PIC = NO;
				GCC_NO_COMMON_BLOCKS = YES;
				GCC_OPTIMIZATION_LEVEL = 0;
				GCC_PREPROCESSOR_DEFINITIONS = (
					"DEBUG=1",
					"$(inherited)",
				);
				GCC_WARN_64_TO_32_BIT_CONVERSION = YES;
				GCC_WARN_ABOUT_RETURN_TYPE = YES_ERROR;
				GCC_WARN_UNDECLARED_SELECTOR = YES;
				GCC_WARN_UNINITIALIZED_AUTOS = YES_AGGRESSIVE;
				GCC_WARN_UNUSED_FUNCTION = YES;
				GCC_WARN_UNUSED_VARIABLE = YES;
				IPHONEOS_DEPLOYMENT_TARGET = 17.2;
				LOCALIZATION_PREFERS_STRING_CATALOGS = YES;
				MTL_ENABLE_DEBUG_INFO = INCLUDE_SOURCE;
				MTL_FAST_MATH = YES;
				ONLY_ACTIVE_ARCH = YES;
				SDKROOT = iphoneos;
				SWIFT_ACTIVE_COMPILATION_CONDITIONS = "DEBUG $(inherited)";
				SWIFT_OPTIMIZATION_LEVEL = "-Onone";
			};
			name = Debug;
		};
		9392A8AA300A798B00343152 /* Release */ = {
			isa = XCBuildConfiguration;
			buildSettings = {
				ALWAYS_SEARCH_USER_PATHS = NO;
				ASSETCATALOG_COMPILER_GENERATE_SWIFT_ASSET_SYMBOL_EXTENSIONS = YES;
				CLANG_ANALYZER_NONNULL = YES;
				CLANG_ANALYZER_NUMBER_OBJECT_CONVERSION = YES_AGGRESSIVE;
				CLANG_CXX_LANGUAGE_STANDARD = "gnu++20";
				CLANG_ENABLE_MODULES = YES;
				CLANG_ENABLE_OBJC_ARC = YES;
				CLANG_ENABLE_OBJC_WEAK = YES;
				CLANG_WARN_BLOCK_CAPTURE_AUTORELEASING = YES;
				CLANG_WARN_BOOL_CONVERSION = YES;
				CLANG_WARN_COMMA = YES;
				CLANG_WARN_CONSTANT_CONVERSION = YES;
				CLANG_WARN_DEPRECATED_OBJC_IMPLEMENTATIONS = YES;
				CLANG_WARN_DIRECT_OBJC_ISA_USAGE = YES_ERROR;
				CLANG_WARN_DOCUMENTATION_COMMENTS = YES;
				CLANG_WARN_EMPTY_BODY = YES;
				CLANG_WARN_ENUM_CONVERSION = YES;
				CLANG_WARN_INFINITE_RECURSION = YES;
				CLANG_WARN_INT_CONVERSION = YES;
				CLANG_WARN_NON_LITERAL_NULL_CONVERSION = YES;
				CLANG_WARN_OBJC_IMPLICIT_RETAIN_SELF = YES;
				CLANG_WARN_OBJC_LITERAL_CONVERSION = YES;
				CLANG_WARN_OBJC_ROOT_CLASS = YES_ERROR;
				CLANG_WARN_QUOTED_INCLUDE_IN_FRAMEWORK_HEADER = YES;
				CLANG_WARN_RANGE_LOOP_ANALYSIS = YES;
				CLANG_WARN_STRICT_PROTOTYPES = YES;
				CLANG_WARN_SUSPICIOUS_MOVE = YES;
				CLANG_WARN_UNGUARDED_AVAILABILITY = YES_AGGRESSIVE;
				CLANG_WARN_UNREACHABLE_CODE = YES;
				CLANG_WARN__DUPLICATE_METHOD_MATCH = YES;
				COPY_PHASE_STRIP = NO;
				DEBUG_INFORMATION_FORMAT = "dwarf-with-dsym";
				ENABLE_NS_ASSERTIONS = NO;
				ENABLE_STRICT_OBJC_MSGSEND = YES;
				ENABLE_USER_SCRIPT_SANDBOXING = YES;
				GCC_C_LANGUAGE_STANDARD = gnu17;
				GCC_NO_COMMON_BLOCKS = YES;
				GCC_WARN_64_TO_32_BIT_CONVERSION = YES;
				GCC_WARN_ABOUT_RETURN_TYPE = YES_ERROR;
				GCC_WARN_UNDECLARED_SELECTOR = YES;
				GCC_WARN_UNINITIALIZED_AUTOS = YES_AGGRESSIVE;
				GCC_WARN_UNUSED_FUNCTION = YES;
				GCC_WARN_UNUSED_VARIABLE = YES;
				IPHONEOS_DEPLOYMENT_TARGET = 17.2;
				LOCALIZATION_PREFERS_STRING_CATALOGS = YES;
				MTL_ENABLE_DEBUG_INFO = NO;
				MTL_FAST_MATH = YES;
				SDKROOT = iphoneos;
				SWIFT_COMPILATION_MODE = wholemodule;
				VALIDATE_PRODUCT = YES;
			};
			name = Release;
		};
		9392A8AC300A798B00343152 /* Debug */ = {
			isa = XCBuildConfiguration;
			buildSettings = {
				ASSETCATALOG_COMPILER_APPICON_NAME = AppIcon;
				ASSETCATALOG_COMPILER_GLOBAL_ACCENT_COLOR_NAME = AccentColor;
				CODE_SIGN_STYLE = Automatic;
				CURRENT_PROJECT_VERSION = 1;
				DEVELOPMENT_ASSET_PATHS = "\"GameLauncher/Preview Content\"";
				DEVELOPMENT_TEAM = XM3TAGU9B6;
				ENABLE_PREVIEWS = YES;
				GENERATE_INFOPLIST_FILE = YES;
				INFOPLIST_KEY_UIApplicationSceneManifest_Generation = YES;
				INFOPLIST_KEY_UIApplicationSupportsIndirectInputEvents = YES;
				INFOPLIST_KEY_UILaunchScreen_Generation = YES;
				INFOPLIST_KEY_UISupportedInterfaceOrientations_iPad = "UIInterfaceOrientationPortrait UIInterfaceOrientationPortraitUpsideDown UIInterfaceOrientationLandscapeLeft UIInterfaceOrientationLandscapeRight";
				INFOPLIST_KEY_UISupportedInterfaceOrientations_iPhone = "UIInterfaceOrientationPortrait UIInterfaceOrientationLandscapeLeft UIInterfaceOrientationLandscapeRight";
				IPHONEOS_DEPLOYMENT_TARGET = 16.0;
				LD_RUNPATH_SEARCH_PATHS = (
					"$(inherited)",
					"@executable_path/Frameworks",
				);
				MARKETING_VERSION = 1.0;
				PRODUCT_BUNDLE_IDENTIFIER = com.Heshan.GameLauncher;
				PRODUCT_NAME = "$(TARGET_NAME)";
				SWIFT_EMIT_LOC_STRINGS = YES;
				SWIFT_VERSION = 5.0;
				TARGETED_DEVICE_FAMILY = "1,2";
			};
			name = Debug;
		};
		9392A8AD300A798B00343152 /* Release */ = {
			isa = XCBuildConfiguration;
			buildSettings = {
				ASSETCATALOG_COMPILER_APPICON_NAME = AppIcon;
				ASSETCATALOG_COMPILER_GLOBAL_ACCENT_COLOR_NAME = AccentColor;
				CODE_SIGN_STYLE = Automatic;
				CURRENT_PROJECT_VERSION = 1;
				DEVELOPMENT_ASSET_PATHS = "\"GameLauncher/Preview Content\"";
				DEVELOPMENT_TEAM = XM3TAGU9B6;
				ENABLE_PREVIEWS = YES;
				GENERATE_INFOPLIST_FILE = YES;
				INFOPLIST_KEY_UIApplicationSceneManifest_Generation = YES;
				INFOPLIST_KEY_UIApplicationSupportsIndirectInputEvents = YES;
				INFOPLIST_KEY_UILaunchScreen_Generation = YES;
				INFOPLIST_KEY_UISupportedInterfaceOrientations_iPad = "UIInterfaceOrientationPortrait UIInterfaceOrientationPortraitUpsideDown UIInterfaceOrientationLandscapeLeft UIInterfaceOrientationLandscapeRight";
				INFOPLIST_KEY_UISupportedInterfaceOrientations_iPhone = "UIInterfaceOrientationPortrait UIInterfaceOrientationLandscapeLeft UIInterfaceOrientationLandscapeRight";
				IPHONEOS_DEPLOYMENT_TARGET = 16.0;
				LD_RUNPATH_SEARCH_PATHS = (
					"$(inherited)",
					"@executable_path/Frameworks",
				);
				MARKETING_VERSION = 1.0;
				PRODUCT_BUNDLE_IDENTIFIER = com.Heshan.GameLauncher;
				PRODUCT_NAME = "$(TARGET_NAME)";
				SWIFT_EMIT_LOC_STRINGS = YES;
				SWIFT_VERSION = 5.0;
				TARGETED_DEVICE_FAMILY = "1,2";
			};
			name = Release;
		};
		9392A8AF300A798B00343152 /* Debug */ = {
			isa = XCBuildConfiguration;
			buildSettings = {
				ALWAYS_EMBED_SWIFT_STANDARD_LIBRARIES = YES;
				BUNDLE_LOADER = "$(TEST_HOST)";
				CODE_SIGN_STYLE = Automatic;
				CURRENT_PROJECT_VERSION = 1;
				GENERATE_INFOPLIST_FILE = YES;
				IPHONEOS_DEPLOYMENT_TARGET = 17.2;
				MARKETING_VERSION = 1.0;
				PRODUCT_BUNDLE_IDENTIFIER = com.TapfrenzyTests;
				PRODUCT_NAME = "$(TARGET_NAME)";
				SWIFT_EMIT_LOC_STRINGS = NO;
				SWIFT_VERSION = 5.0;
				TARGETED_DEVICE_FAMILY = "1,2";
				TEST_HOST = "$(BUILT_PRODUCTS_DIR)/GameLauncher.app/$(BUNDLE_EXECUTABLE_FOLDER_PATH)/GameLauncher";
			};
			name = Debug;
		};
		9392A8B0300A798B00343152 /* Release */ = {
			isa = XCBuildConfiguration;
			buildSettings = {
				ALWAYS_EMBED_SWIFT_STANDARD_LIBRARIES = YES;
				BUNDLE_LOADER = "$(TEST_HOST)";
				CODE_SIGN_STYLE = Automatic;
				CURRENT_PROJECT_VERSION = 1;
				GENERATE_INFOPLIST_FILE = YES;
				IPHONEOS_DEPLOYMENT_TARGET = 17.2;
				MARKETING_VERSION = 1.0;
				PRODUCT_BUNDLE_IDENTIFIER = com.TapfrenzyTests;
				PRODUCT_NAME = "$(TARGET_NAME)";
				SWIFT_EMIT_LOC_STRINGS = NO;
				SWIFT_VERSION = 5.0;
				TARGETED_DEVICE_FAMILY = "1,2";
				TEST_HOST = "$(BUILT_PRODUCTS_DIR)/GameLauncher.app/$(BUNDLE_EXECUTABLE_FOLDER_PATH)/GameLauncher";
			};
			name = Release;
		};
		9392A8B2300A798B00343152 /* Debug */ = {
			isa = XCBuildConfiguration;
			buildSettings = {
				ALWAYS_EMBED_SWIFT_STANDARD_LIBRARIES = YES;
				CODE_SIGN_STYLE = Automatic;
				CURRENT_PROJECT_VERSION = 1;
				GENERATE_INFOPLIST_FILE = YES;
				MARKETING_VERSION = 1.0;
				PRODUCT_BUNDLE_IDENTIFIER = com.TapfrenzyUITests;
				PRODUCT_NAME = "$(TARGET_NAME)";
				SWIFT_EMIT_LOC_STRINGS = NO;
				SWIFT_VERSION = 5.0;
				TARGETED_DEVICE_FAMILY = "1,2";
				TEST_TARGET_NAME = Tapfrenzy;
			};
			name = Debug;
		};
		9392A8B3300A798B00343152 /* Release */ = {
			isa = XCBuildConfiguration;
			buildSettings = {
				ALWAYS_EMBED_SWIFT_STANDARD_LIBRARIES = YES;
				CODE_SIGN_STYLE = Automatic;
				CURRENT_PROJECT_VERSION = 1;
				GENERATE_INFOPLIST_FILE = YES;
				MARKETING_VERSION = 1.0;
				PRODUCT_BUNDLE_IDENTIFIER = com.TapfrenzyUITests;
				PRODUCT_NAME = "$(TARGET_NAME)";
				SWIFT_EMIT_LOC_STRINGS = NO;
				SWIFT_VERSION = 5.0;
				TARGETED_DEVICE_FAMILY = "1,2";
				TEST_TARGET_NAME = Tapfrenzy;
			};
			name = Release;
		};
/* End XCBuildConfiguration section */

/* Begin XCConfigurationList section */
		9392A882300A797D00343152 /* Build configuration list for PBXProject "GameLauncher" */ = {
			isa = XCConfigurationList;
			buildConfigurations = (
				9392A8A9300A798B00343152 /* Debug */,
				9392A8AA300A798B00343152 /* Release */,
			);
			defaultConfigurationIsVisible = 0;
			defaultConfigurationName = Release;
		};
		9392A8AB300A798B00343152 /* Build configuration list for PBXNativeTarget "GameLauncher" */ = {
			isa = XCConfigurationList;
			buildConfigurations = (
				9392A8AC300A798B00343152 /* Debug */,
				9392A8AD300A798B00343152 /* Release */,
			);
			defaultConfigurationIsVisible = 0;
			defaultConfigurationName = Release;
		};
		9392A8AE300A798B00343152 /* Build configuration list for PBXNativeTarget "GameLauncherTests" */ = {
			isa = XCConfigurationList;
			buildConfigurations = (
				9392A8AF300A798B00343152 /* Debug */,
				9392A8B0300A798B00343152 /* Release */,
			);
			defaultConfigurationIsVisible = 0;
			defaultConfigurationName = Release;
		};
		9392A8B1300A798B00343152 /* Build configuration list for PBXNativeTarget "GameLauncherUITests" */ = {
			isa = XCConfigurationList;
			buildConfigurations = (
				9392A8B2300A798B00343152 /* Debug */,
				9392A8B3300A798B00343152 /* Release */,
			);
			defaultConfigurationIsVisible = 0;
			defaultConfigurationName = Release;
		};
/* End XCConfigurationList section */
	};
	rootObject = 9392A87F300A797D00343152 /* Project object */;
}
